// !$*UTF8*$!
{
	archiveVersion = 1;
	classes = {
	};
	objectVersion = 46;
	objects = {

/* Begin PBXBuildFile section */
		AEB5823819991D6400E4A95D /* Foundation.framework in Frameworks */ = {isa = PBXBuildFile; fileRef = AEB5823719991D6400E4A95D /* Foundation.framework */; };
		AEB5823A19991D6400E4A95D /* CoreGraphics.framework in Frameworks */ = {isa = PBXBuildFile; fileRef = AEB5823919991D6400E4A95D /* CoreGraphics.framework */; };
		AEB5823C19991D6400E4A95D /* UIKit.framework in Frameworks */ = {isa = PBXBuildFile; fileRef = AEB5823B19991D6400E4A95D /* UIKit.framework */; };
		AEB5824219991D6400E4A95D /* InfoPlist.strings in Resources */ = {isa = PBXBuildFile; fileRef = AEB5824019991D6400E4A95D /* InfoPlist.strings */; };
		AEB5824419991D6400E4A95D /* main.m in Sources */ = {isa = PBXBuildFile; fileRef = AEB5824319991D6400E4A95D /* main.m */; };
		AEB5824819991D6400E4A95D /* AppDelegate.m in Sources */ = {isa = PBXBuildFile; fileRef = AEB5824719991D6400E4A95D /* AppDelegate.m */; };
		AEB5824B19991D6400E4A95D /* Main.storyboard in Resources */ = {isa = PBXBuildFile; fileRef = AEB5824919991D6400E4A95D /* Main.storyboard */; };
		AEB5824E19991D6400E4A95D /* ViewController.m in Sources */ = {isa = PBXBuildFile; fileRef = AEB5824D19991D6400E4A95D /* ViewController.m */; };
		AEB5825019991D6400E4A95D /* Images.xcassets in Resources */ = {isa = PBXBuildFile; fileRef = AEB5824F19991D6400E4A95D /* Images.xcassets */; };
		AEB5825719991D6500E4A95D /* XCTest.framework in Frameworks */ = {isa = PBXBuildFile; fileRef = AEB5825619991D6500E4A95D /* XCTest.framework */; };
		AEB5825819991D6500E4A95D /* Foundation.framework in Frameworks */ = {isa = PBXBuildFile; fileRef = AEB5823719991D6400E4A95D /* Foundation.framework */; };
		AEB5825919991D6500E4A95D /* UIKit.framework in Frameworks */ = {isa = PBXBuildFile; fileRef = AEB5823B19991D6400E4A95D /* UIKit.framework */; };
		AEB5826119991D6500E4A95D /* InfoPlist.strings in Resources */ = {isa = PBXBuildFile; fileRef = AEB5825F19991D6500E4A95D /* InfoPlist.strings */; };
		AEB5826319991D6500E4A95D /* distanceBeaconTests.m in Sources */ = {isa = PBXBuildFile; fileRef = AEB5826219991D6500E4A95D /* distanceBeaconTests.m */; };
		AEB5826D19991DC700E4A95D /* CoreLocation.framework in Frameworks */ = {isa = PBXBuildFile; fileRef = AEB5826C19991DC700E4A95D /* CoreLocation.framework */; };
/* End PBXBuildFile section */

/* Begin PBXContainerItemProxy section */
		AEB5825A19991D6500E4A95D /* PBXContainerItemProxy */ = {
			isa = PBXContainerItemProxy;
			containerPortal = AEB5822C19991D6400E4A95D /* Project object */;
			proxyType = 1;
			remoteGlobalIDString = AEB5823319991D6400E4A95D;
			remoteInfo = distanceBeacon;
		};
/* End PBXContainerItemProxy section */

/* Begin PBXFileReference section */
		AEB5823419991D6400E4A95D /* distanceBeacon.app */ = {isa = PBXFileReference; explicitFileType = wrapper.application; includeInIndex = 0; path = distanceBeacon.app; sourceTree = BUILT_PRODUCTS_DIR; };
		AEB5823719991D6400E4A95D /* Foundation.framework */ = {isa = PBXFileReference; lastKnownFileType = wrapper.framework; name = Foundation.framework; path = System/Library/Frameworks/Foundation.framework; sourceTree = SDKROOT; };
		AEB5823919991D6400E4A95D /* CoreGraphics.framework */ = {isa = PBXFileReference; lastKnownFileType = wrapper.framework; name = CoreGraphics.framework; path = System/Library/Frameworks/CoreGraphics.framework; sourceTree = SDKROOT; };
		AEB5823B19991D6400E4A95D /* UIKit.framework */ = {isa = PBXFileReference; lastKnownFileType = wrapper.framework; name = UIKit.framework; path = System/Library/Frameworks/UIKit.framework; sourceTree = SDKROOT; };
		AEB5823F19991D6400E4A95D /* distanceBeacon-Info.plist */ = {isa = PBXFileReference; lastKnownFileType = text.plist.xml; path = "distanceBeacon-Info.plist"; sourceTree = "<group>"; };
		AEB5824119991D6400E4A95D /* en */ = {isa = PBXFileReference; lastKnownFileType = text.plist.strings; name = en; path = en.lproj/InfoPlist.strings; sourceTree = "<group>"; };
		AEB5824319991D6400E4A95D /* main.m */ = {isa = PBXFileReference; lastKnownFileType = sourcecode.c.objc; path = main.m; sourceTree = "<group>"; };
		AEB5824519991D6400E4A95D /* distanceBeacon-Prefix.pch */ = {isa = PBXFileReference; lastKnownFileType = sourcecode.c.h; path = "distanceBeacon-Prefix.pch"; sourceTree = "<group>"; };
		AEB5824619991D6400E4A95D /* AppDelegate.h */ = {isa = PBXFileReference; lastKnownFileType = sourcecode.c.h; path = AppDelegate.h; sourceTree = "<group>"; };
		AEB5824719991D6400E4A95D /* AppDelegate.m */ = {isa = PBXFileReference; lastKnownFileType = sourcecode.c.objc; path = AppDelegate.m; sourceTree = "<group>"; };
		AEB5824A19991D6400E4A95D /* Base */ = {isa = PBXFileReference; lastKnownFileType = file.storyboard; name = Base; path = Base.lproj/Main.storyboard; sourceTree = "<group>"; };
		AEB5824C19991D6400E4A95D /* ViewController.h */ = {isa = PBXFileReference; lastKnownFileType = sourcecode.c.h; path = ViewController.h; sourceTree = "<group>"; };
		AEB5824D19991D6400E4A95D /* ViewController.m */ = {isa = PBXFileReference; lastKnownFileType = sourcecode.c.objc; path = ViewController.m; sourceTree = "<group>"; };
		AEB5824F19991D6400E4A95D /* Images.xcassets */ = {isa = PBXFileReference; lastKnownFileType = folder.assetcatalog; path = Images.xcassets; sourceTree = "<group>"; };
		AEB5825519991D6500E4A95D /* distanceBeaconTests.xctest */ = {isa = PBXFileReference; explicitFileType = wrapper.cfbundle; includeInIndex = 0; path = distanceBeaconTests.xctest; sourceTree = BUILT_PRODUCTS_DIR; };
		AEB5825619991D6500E4A95D /* XCTest.framework */ = {isa = PBXFileReference; lastKnownFileType = wrapper.framework; name = XCTest.framework; path = Library/Frameworks/XCTest.framework; sourceTree = DEVELOPER_DIR; };
		AEB5825E19991D6500E4A95D /* distanceBeaconTests-Info.plist */ = {isa = PBXFileReference; lastKnownFileType = text.plist.xml; path = "distanceBeaconTests-Info.plist"; sourceTree = "<group>"; };
		AEB5826019991D6500E4A95D /* en */ = {isa = PBXFileReference; lastKnownFileType = text.plist.strings; name = en; path = en.lproj/InfoPlist.strings; sourceTree = "<group>"; };
		AEB5826219991D6500E4A95D /* distanceBeaconTests.m */ = {isa = PBXFileReference; lastKnownFileType = sourcecode.c.objc; path = distanceBeaconTests.m; sourceTree = "<group>"; };
		AEB5826C19991DC700E4A95D /* CoreLocation.framework */ = {isa = PBXFileReference; lastKnownFileType = wrapper.framework; name = CoreLocation.framework; path = System/Library/Frameworks/CoreLocation.framework; sourceTree = SDKROOT; };
/* End PBXFileReference section */

/* Begin PBXFrameworksBuildPhase section */
		AEB5823119991D6400E4A95D /* Frameworks */ = {
			isa = PBXFrameworksBuildPhase;
			buildActionMask = 2147483647;
			files = (
				AEB5826D19991DC700E4A95D /* CoreLocation.framework in Frameworks */,
				AEB5823A19991D6400E4A95D /* CoreGraphics.framework in Frameworks */,
				AEB5823C19991D6400E4A95D /* UIKit.framework in Frameworks */,
				AEB5823819991D6400E4A95D /* Foundation.framework in Frameworks */,
			);
			runOnlyForDeploymentPostprocessing = 0;
		};
		AEB5825219991D6500E4A95D /* Frameworks */ = {
			isa = PBXFrameworksBuildPhase;
			buildActionMask = 2147483647;
			files = (
				AEB5825719991D6500E4A95D /* XCTest.framework in Frameworks */,
				AEB5825919991D6500E4A95D /* UIKit.framework in Frameworks */,
				AEB5825819991D6500E4A95D /* Foundation.framework in Frameworks */,
			);
			runOnlyForDeploymentPostprocessing = 0;
		};
/* End PBXFrameworksBuildPhase section */

/* Begin PBXGroup section */
		AEB5822B19991D6400E4A95D = {
			isa = PBXGroup;
			children = (
				AEB5823D19991D6400E4A95D /* distanceBeacon */,
				AEB5825C19991D6500E4A95D /* distanceBeaconTests */,
				AEB5823619991D6400E4A95D /* Frameworks */,
				AEB5823519991D6400E4A95D /* Products */,
			);
			sourceTree = "<group>";
		};
		AEB5823519991D6400E4A95D /* Products */ = {
			isa = PBXGroup;
			children = (
				AEB5823419991D6400E4A95D /* distanceBeacon.app */,
				AEB5825519991D6500E4A95D /* distanceBeaconTests.xctest */,
			);
			name = Products;
			sourceTree = "<group>";
		};
		AEB5823619991D6400E4A95D /* Frameworks */ = {
			isa = PBXGroup;
			children = (
				AEB5826C19991DC700E4A95D /* CoreLocation.framework */,
				AEB5823719991D6400E4A95D /* Foundation.framework */,
				AEB5823919991D6400E4A95D /* CoreGraphics.framework */,
				AEB5823B19991D6400E4A95D /* UIKit.framework */,
				AEB5825619991D6500E4A95D /* XCTest.framework */,
			);
			name = Frameworks;
			sourceTree = "<group>";
		};
		AEB5823D19991D6400E4A95D /* distanceBeacon */ = {
			isa = PBXGroup;
			children = (
				AEB5824619991D6400E4A95D /* AppDelegate.h */,
				AEB5824719991D6400E4A95D /* AppDelegate.m */,
				AEB5824919991D6400E4A95D /* Main.storyboard */,
				AEB5824C19991D6400E4A95D /* ViewController.h */,
				AEB5824D19991D6400E4A95D /* ViewController.m */,
				AEB5824F19991D6400E4A95D /* Images.xcassets */,
				AEB5823E19991D6400E4A95D /* Supporting Files */,
			);
			path = distanceBeacon;
			sourceTree = "<group>";
		};
		AEB5823E19991D6400E4A95D /* Supporting Files */ = {
			isa = PBXGroup;
			children = (
				AEB5823F19991D6400E4A95D /* distanceBeacon-Info.plist */,
				AEB5824019991D6400E4A95D /* InfoPlist.strings */,
				AEB5824319991D6400E4A95D /* main.m */,
				AEB5824519991D6400E4A95D /* distanceBeacon-Prefix.pch */,
			);
			name = "Supporting Files";
			sourceTree = "<group>";
		};
		AEB5825C19991D6500E4A95D /* distanceBeaconTests */ = {
			isa = PBXGroup;
			children = (
				AEB5826219991D6500E4A95D /* distanceBeaconTests.m */,
				AEB5825D19991D6500E4A95D /* Supporting Files */,
			);
			path = distanceBeaconTests;
			sourceTree = "<group>";
		};
		AEB5825D19991D6500E4A95D /* Supporting Files */ = {
			isa = PBXGroup;
			children = (
				AEB5825E19991D6500E4A95D /* distanceBeaconTests-Info.plist */,
				AEB5825F19991D6500E4A95D /* InfoPlist.strings */,
			);
			name = "Supporting Files";
			sourceTree = "<group>";
		};
/* End PBXGroup section */

/* Begin PBXNativeTarget section */
		AEB5823319991D6400E4A95D /* distanceBeacon */ = {
			isa = PBXNativeTarget;
			buildConfigurationList = AEB5826619991D6500E4A95D /* Build configuration list for PBXNativeTarget "distanceBeacon" */;
			buildPhases = (
				AEB5823019991D6400E4A95D /* Sources */,
				AEB5823119991D6400E4A95D /* Frameworks */,
				AEB5823219991D6400E4A95D /* Resources */,
			);
			buildRules = (
			);
			dependencies = (
			);
			name = distanceBeacon;
			productName = distanceBeacon;
			productReference = AEB5823419991D6400E4A95D /* distanceBeacon.app */;
			productType = "com.apple.product-type.application";
		};
		AEB5825419991D6500E4A95D /* distanceBeaconTests */ = {
			isa = PBXNativeTarget;
			buildConfigurationList = AEB5826919991D6500E4A95D /* Build configuration list for PBXNativeTarget "distanceBeaconTests" */;
			buildPhases = (
				AEB5825119991D6500E4A95D /* Sources */,
				AEB5825219991D6500E4A95D /* Frameworks */,
				AEB5825319991D6500E4A95D /* Resources */,
			);
			buildRules = (
			);
			dependencies = (
				AEB5825B19991D6500E4A95D /* PBXTargetDependency */,
			);
			name = distanceBeaconTests;
			productName = distanceBeaconTests;
			productReference = AEB5825519991D6500E4A95D /* distanceBeaconTests.xctest */;
			productType = "com.apple.product-type.bundle.unit-test";
		};
/* End PBXNativeTarget section */

/* Begin PBXProject section */
		AEB5822C19991D6400E4A95D /* Project object */ = {
			isa = PBXProject;
			attributes = {
				LastUpgradeCheck = 0510;
				ORGANIZATIONNAME = muzen;
				TargetAttributes = {
					AEB5825419991D6500E4A95D = {
						TestTargetID = AEB5823319991D6400E4A95D;
					};
				};
			};
			buildConfigurationList = AEB5822F19991D6400E4A95D /* Build configuration list for PBXProject "distanceBeacon" */;
			compatibilityVersion = "Xcode 3.2";
			developmentRegion = English;
			hasScannedForEncodings = 0;
			knownRegions = (
				en,
				Base,
			);
			mainGroup = AEB5822B19991D6400E4A95D;
			productRefGroup = AEB5823519991D6400E4A95D /* Products */;
			projectDirPath = "";
			projectRoot = "";
			targets = (
				AEB5823319991D6400E4A95D /* distanceBeacon */,
				AEB5825419991D6500E4A95D /* distanceBeaconTests */,
			);
		};
/* End PBXProject section */

/* Begin PBXResourcesBuildPhase section */
		AEB5823219991D6400E4A95D /* Resources */ = {
			isa = PBXResourcesBuildPhase;
			buildActionMask = 2147483647;
			files = (
				AEB5825019991D6400E4A95D /* Images.xcassets in Resources */,
				AEB5824219991D6400E4A95D /* InfoPlist.strings in Resources */,
				AEB5824B19991D6400E4A95D /* Main.storyboard in Resources */,
			);
			runOnlyForDeploymentPostprocessing = 0;
		};
		AEB5825319991D6500E4A95D /* Resources */ = {
			isa = PBXResourcesBuildPhase;
			buildActionMask = 2147483647;
			files = (
				AEB5826119991D6500E4A95D /* InfoPlist.strings in Resources */,
			);
			runOnlyForDeploymentPostprocessing = 0;
		};
/* End PBXResourcesBuildPhase section */

/* Begin PBXSourcesBuildPhase section */
		AEB5823019991D6400E4A95D /* Sources */ = {
			isa = PBXSourcesBuildPhase;
			buildActionMask = 2147483647;
			files = (
				AEB5824E19991D6400E4A95D /* ViewController.m in Sources */,
				AEB5824819991D6400E4A95D /* AppDelegate.m in Sources */,
				AEB5824419991D6400E4A95D /* main.m in Sources */,
			);
			runOnlyForDeploymentPostprocessing = 0;
		};
		AEB5825119991D6500E4A95D /* Sources */ = {
			isa = PBXSourcesBuildPhase;
			buildActionMask = 2147483647;
			files = (
				AEB5826319991D6500E4A95D /* distanceBeaconTests.m in Sources */,
			);
			runOnlyForDeploymentPostprocessing = 0;
		};
/* End PBXSourcesBuildPhase section */

/* Begin PBXTargetDependency section */
		AEB5825B19991D6500E4A95D /* PBXTargetDependency */ = {
			isa = PBXTargetDependency;
			target = AEB5823319991D6400E4A95D /* distanceBeacon */;
			targetProxy = AEB5825A19991D6500E4A95D /* PBXContainerItemProxy */;
		};
/* End PBXTargetDependency section */

/* Begin PBXVariantGroup section */
		AEB5824019991D6400E4A95D /* InfoPlist.strings */ = {
			isa = PBXVariantGroup;
			children = (
				AEB5824119991D6400E4A95D /* en */,
			);
			name = InfoPlist.strings;
			sourceTree = "<group>";
		};
		AEB5824919991D6400E4A95D /* Main.storyboard */ = {
			isa = PBXVariantGroup;
			children = (
				AEB5824A19991D6400E4A95D /* Base */,
			);
			name = Main.storyboard;
			sourceTree = "<group>";
		};
		AEB5825F19991D6500E4A95D /* InfoPlist.strings */ = {
			isa = PBXVariantGroup;
			children = (
				AEB5826019991D6500E4A95D /* en */,
			);
			name = InfoPlist.strings;
			sourceTree = "<group>";
		};
/* End PBXVariantGroup section */

/* Begin XCBuildConfiguration section */
		AEB5826419991D6500E4A95D /* Debug */ = {
			isa = XCBuildConfiguration;
			buildSettings = {
				ALWAYS_SEARCH_USER_PATHS = NO;
				CLANG_CXX_LANGUAGE_STANDARD = "gnu++0x";
				CLANG_CXX_LIBRARY = "libc++";
				CLANG_ENABLE_MODULES = YES;
				CLANG_ENABLE_OBJC_ARC = YES;
				CLANG_WARN_BOOL_CONVERSION = YES;
				CLANG_WARN_CONSTANT_CONVERSION = YES;
				CLANG_WARN_DIRECT_OBJC_ISA_USAGE = YES_ERROR;
				CLANG_WARN_EMPTY_BODY = YES;
				CLANG_WARN_ENUM_CONVERSION = YES;
				CLANG_WARN_INT_CONVERSION = YES;
				CLANG_WARN_OBJC_ROOT_CLASS = YES_ERROR;
				CLANG_WARN__DUPLICATE_METHOD_MATCH = YES;
				"CODE_SIGN_IDENTITY[sdk=iphoneos*]" = "iPhone Developer";
				COPY_PHASE_STRIP = NO;
				GCC_C_LANGUAGE_STANDARD = gnu99;
				GCC_DYNAMIC_NO_PIC = NO;
				GCC_OPTIMIZATION_LEVEL = 0;
				GCC_PREPROCESSOR_DEFINITIONS = (
					"DEBUG=1",
					"$(inherited)",
				);
				GCC_SYMBOLS_PRIVATE_EXTERN = NO;
				GCC_WARN_64_TO_32_BIT_CONVERSION = YES;
				GCC_WARN_ABOUT_RETURN_TYPE = YES_ERROR;
				GCC_WARN_UNDECLARED_SELECTOR = YES;
				GCC_WARN_UNINITIALIZED_AUTOS = YES_AGGRESSIVE;
				GCC_WARN_UNUSED_FUNCTION = YES;
				GCC_WARN_UNUSED_VARIABLE = YES;
				IPHONEOS_DEPLOYMENT_TARGET = 7.1;
				ONLY_ACTIVE_ARCH = YES;
				SDKROOT = iphoneos;
			};
			name = Debug;
		};
		AEB5826519991D6500E4A95D /* Release */ = {
			isa = XCBuildConfiguration;
			buildSettings = {
				ALWAYS_SEARCH_USER_PATHS = NO;
				CLANG_CXX_LANGUAGE_STANDARD = "gnu++0x";
				CLANG_CXX_LIBRARY = "libc++";
				CLANG_ENABLE_MODULES = YES;
				CLANG_ENABLE_OBJC_ARC = YES;
				CLANG_WARN_BOOL_CONVERSION = YES;
				CLANG_WARN_CONSTANT_CONVERSION = YES;
				CLANG_WARN_DIRECT_OBJC_ISA_USAGE = YES_ERROR;
				CLANG_WARN_EMPTY_BODY = YES;
				CLANG_WARN_ENUM_CONVERSION = YES;
				CLANG_WARN_INT_CONVERSION = YES;
				CLANG_WARN_OBJC_ROOT_CLASS = YES_ERROR;
				CLANG_WARN__DUPLICATE_METHOD_MATCH = YES;
				"CODE_SIGN_IDENTITY[sdk=iphoneos*]" = "iPhone Developer";
				COPY_PHASE_STRIP = YES;
				ENABLE_NS_ASSERTIONS = NO;
				GCC_C_LANGUAGE_STANDARD = gnu99;
				GCC_WARN_64_TO_32_BIT_CONVERSION = YES;
				GCC_WARN_ABOUT_RETURN_TYPE = YES_ERROR;
				GCC_WARN_UNDECLARED_SELECTOR = YES;
				GCC_WARN_UNINITIALIZED_AUTOS = YES_AGGRESSIVE;
				GCC_WARN_UNUSED_FUNCTION = YES;
				GCC_WARN_UNUSED_VARIABLE = YES;
				IPHONEOS_DEPLOYMENT_TARGET = 7.1;
				SDKROOT = iphoneos;
				VALIDATE_PRODUCT = YES;
			};
			name = Release;
		};
		AEB5826719991D6500E4A95D /* Debug */ = {
			isa = XCBuildConfiguration;
			buildSettings = {
				ASSETCATALOG_COMPILER_APPICON_NAME = AppIcon;
				ASSETCATALOG_COMPILER_LAUNCHIMAGE_NAME = LaunchImage;
				GCC_PRECOMPILE_PREFIX_HEADER = YES;
				GCC_PREFIX_HEADER = "distanceBeacon/distanceBeacon-Prefix.pch";
				INFOPLIST_FILE = "distanceBeacon/distanceBeacon-Info.plist";
				PRODUCT_NAME = "$(TARGET_NAME)";
				WRAPPER_EXTENSION = app;
			};
			name = Debug;
		};
		AEB5826819991D6500E4A95D /* Release */ = {
			isa = XCBuildConfiguration;
			buildSettings = {
				ASSETCATALOG_COMPILER_APPICON_NAME = AppIcon;
				ASSETCATALOG_COMPILER_LAUNCHIMAGE_NAME = LaunchImage;
				GCC_PRECOMPILE_PREFIX_HEADER = YES;
				GCC_PREFIX_HEADER = "distanceBeacon/distanceBeacon-Prefix.pch";
				INFOPLIST_FILE = "distanceBeacon/distanceBeacon-Info.plist";
				PRODUCT_NAME = "$(TARGET_NAME)";
				WRAPPER_EXTENSION = app;
			};
			name = Release;
		};
		AEB5826A19991D6500E4A95D /* Debug */ = {
			isa = XCBuildConfiguration;
			buildSettings = {
				BUNDLE_LOADER = "$(BUILT_PRODUCTS_DIR)/distanceBeacon.app/distanceBeacon";
				FRAMEWORK_SEARCH_PATHS = (
					"$(SDKROOT)/Developer/Library/Frameworks",
					"$(inherited)",
					"$(DEVELOPER_FRAMEWORKS_DIR)",
				);
				GCC_PRECOMPILE_PREFIX_HEADER = YES;
				GCC_PREFIX_HEADER = "distanceBeacon/distanceBeacon-Prefix.pch";
				GCC_PREPROCESSOR_DEFINITIONS = (
					"DEBUG=1",
					"$(inherited)",
				);
				INFOPLIST_FILE = "distanceBeaconTests/distanceBeaconTests-Info.plist";
				PRODUCT_NAME = "$(TARGET_NAME)";
				TEST_HOST = "$(BUNDLE_LOADER)";
				WRAPPER_EXTENSION = xctest;
			};
			name = Debug;
		};
		AEB5826B19991D6500E4A95D /* Release */ = {
			isa = XCBuildConfiguration;
			buildSettings = {
				BUNDLE_LOADER = "$(BUILT_PRODUCTS_DIR)/distanceBeacon.app/distanceBeacon";
				FRAMEWORK_SEARCH_PATHS = (
					"$(SDKROOT)/Developer/Library/Frameworks",
					"$(inherited)",
					"$(DEVELOPER_FRAMEWORKS_DIR)",
				);
				GCC_PRECOMPILE_PREFIX_HEADER = YES;
				GCC_PREFIX_HEADER = "distanceBeacon/distanceBeacon-Prefix.pch";
				INFOPLIST_FILE = "distanceBeaconTests/distanceBeaconTests-Info.plist";
				PRODUCT_NAME = "$(TARGET_NAME)";
				TEST_HOST = "$(BUNDLE_LOADER)";
				WRAPPER_EXTENSION = xctest;
			};
			name = Release;
		};
/* End XCBuildConfiguration section */

/* Begin XCConfigurationList section */
		AEB5822F19991D6400E4A95D /* Build configuration list for PBXProject "distanceBeacon" */ = {
			isa = XCConfigurationList;
			buildConfigurations = (
				AEB5826419991D6500E4A95D /* Debug */,
				AEB5826519991D6500E4A95D /* Release */,
			);
			defaultConfigurationIsVisible = 0;
			defaultConfigurationName = Release;
		};
		AEB5826619991D6500E4A95D /* Build configuration list for PBXNativeTarget "distanceBeacon" */ = {
			isa = XCConfigurationList;
			buildConfigurations = (
				AEB5826719991D6500E4A95D /* Debug */,
				AEB5826819991D6500E4A95D /* Release */,
			);
			defaultConfigurationIsVisible = 0;
		};
		AEB5826919991D6500E4A95D /* Build configuration list for PBXNativeTarget "distanceBeaconTests" */ = {
			isa = XCConfigurationList;
			buildConfigurations = (
				AEB5826A19991D6500E4A95D /* Debug */,
				AEB5826B19991D6500E4A95D /* Release */,
			);
			defaultConfigurationIsVisible = 0;
		};
/* End XCConfigurationList section */
	};
	rootObject = AEB5822C19991D6400E4A95D /* Project object */;
}
